# This file is automatically @generated by Poetry and should not be changed by hand.

[[package]]
name = "comtypes"
version = "1.1.14"
description = "Pure Python COM package"
category = "main"
optional = false
python-versions = "*"
files = [
    {file = "comtypes-1.1.14-py2.py3-none-any.whl", hash = "sha256:7cdbe2dc65fe105eea97be04dc50ee3178747bcb64d802d7c0832416d75a87bd"},
    {file = "comtypes-1.1.14.zip", hash = "sha256:5d7caf6d3a86d51ddfc53e4548cae2dceee1b46672f8bd59679711dd01a934f2"},
]

[metadata]
lock-version = "2.0"
python-versions = "^3.8"
content-hash = "de3d3c7272f0cca3777eac704814d9aee835eb55ff302b5c5fbc4c6bffa26241"
