<?xml version="1.0" encoding="utf-8"?>
<Project ToolsVersion="4.0" xmlns="http://schemas.microsoft.com/developer/msbuild/2003">
  <ItemGroup>
    <Filter Include="源文件">
      <UniqueIdentifier>{4FC737F1-C7A5-4376-A066-2A32D752A2FF}</UniqueIdentifier>
      <Extensions>cpp;c;cc;cxx;c++;cppm;ixx;def;odl;idl;hpj;bat;asm;asmx</Extensions>
    </Filter>
    <Filter Include="头文件">
      <UniqueIdentifier>{93995380-89BD-4b04-88EB-625FBE52EBFB}</UniqueIdentifier>
      <Extensions>h;hh;hpp;hxx;h++;hm;inl;inc;ipp;xsd</Extensions>
    </Filter>
    <Filter Include="资源文件">
      <UniqueIdentifier>{67DA6AB6-F800-4c08-8B7A-83BB121AAD01}</UniqueIdentifier>
      <Extensions>rc;ico;cur;bmp;dlg;rc2;rct;bin;rgs;gif;jpg;jpeg;jpe;resx;tiff;tif;png;wav;mfcribbon-ms</Extensions>
    </Filter>
    <Filter Include="头文件\rapidjson">
      <UniqueIdentifier>{3c9278a5-0ac8-4826-9d72-75f40d9b9aa3}</UniqueIdentifier>
    </Filter>
  </ItemGroup>
  <ItemGroup>
    <ClCompile Include="main.cpp">
      <Filter>源文件</Filter>
    </ClCompile>
    <ClCompile Include="env.cpp">
      <Filter>源文件</Filter>
    </ClCompile>
    <ClCompile Include="DbReaderManager.cpp">
      <Filter>源文件</Filter>
    </ClCompile>
    <ClCompile Include="CountEntityReader.cpp">
      <Filter>源文件</Filter>
    </ClCompile>
    <ClCompile Include="sqlite3\sqlite3.c">
      <Filter>源文件</Filter>
    </ClCompile>
    <ClCompile Include="SymbolTableReader.cpp">
      <Filter>源文件</Filter>
    </ClCompile>
    <ClCompile Include="NamedObjectDictReader.cpp">
      <Filter>源文件</Filter>
    </ClCompile>
    <ClCompile Include="DynBlockReader.cpp">
      <Filter>源文件</Filter>
    </ClCompile>
    <ClCompile Include="DumbReader.cpp">
      <Filter>源文件</Filter>
    </ClCompile>
    <ClCompile Include="AssocObjectReader.cpp">
      <Filter>源文件</Filter>
    </ClCompile>
    <ClCompile Include="NestedBlockLevelReader.cpp">
      <Filter>源文件</Filter>
    </ClCompile>
  </ItemGroup>
  <ItemGroup>
    <ClInclude Include="env.h">
      <Filter>头文件</Filter>
    </ClInclude>
    <ClInclude Include="DbReaderManager.h">
      <Filter>头文件</Filter>
    </ClInclude>
    <ClInclude Include="DbReader.h">
      <Filter>头文件</Filter>
    </ClInclude>
    <ClInclude Include="CountEntityReader.h">
      <Filter>头文件</Filter>
    </ClInclude>
    <ClInclude Include="sqlite3\sqlite3.h">
      <Filter>头文件</Filter>
    </ClInclude>
    <ClInclude Include="rapidjson\error\en.h">
      <Filter>头文件\rapidjson</Filter>
    </ClInclude>
    <ClInclude Include="rapidjson\error\error.h">
      <Filter>头文件\rapidjson</Filter>
    </ClInclude>
    <ClInclude Include="rapidjson\internal\biginteger.h">
      <Filter>头文件\rapidjson</Filter>
    </ClInclude>
    <ClInclude Include="rapidjson\internal\diyfp.h">
      <Filter>头文件\rapidjson</Filter>
    </ClInclude>
    <ClInclude Include="rapidjson\internal\dtoa.h">
      <Filter>头文件\rapidjson</Filter>
    </ClInclude>
    <ClInclude Include="rapidjson\internal\ieee754.h">
      <Filter>头文件\rapidjson</Filter>
    </ClInclude>
    <ClInclude Include="rapidjson\internal\itoa.h">
      <Filter>头文件\rapidjson</Filter>
    </ClInclude>
    <ClInclude Include="rapidjson\internal\meta.h">
      <Filter>头文件\rapidjson</Filter>
    </ClInclude>
    <ClInclude Include="rapidjson\internal\pow10.h">
      <Filter>头文件\rapidjson</Filter>
    </ClInclude>
    <ClInclude Include="rapidjson\internal\regex.h">
      <Filter>头文件\rapidjson</Filter>
    </ClInclude>
    <ClInclude Include="rapidjson\internal\stack.h">
      <Filter>头文件\rapidjson</Filter>
    </ClInclude>
    <ClInclude Include="rapidjson\internal\strfunc.h">
      <Filter>头文件\rapidjson</Filter>
    </ClInclude>
    <ClInclude Include="rapidjson\internal\strtod.h">
      <Filter>头文件\rapidjson</Filter>
    </ClInclude>
    <ClInclude Include="rapidjson\internal\swap.h">
      <Filter>头文件\rapidjson</Filter>
    </ClInclude>
    <ClInclude Include="rapidjson\msinttypes\inttypes.h">
      <Filter>头文件\rapidjson</Filter>
    </ClInclude>
    <ClInclude Include="rapidjson\msinttypes\stdint.h">
      <Filter>头文件\rapidjson</Filter>
    </ClInclude>
    <ClInclude Include="rapidjson\allocators.h">
      <Filter>头文件\rapidjson</Filter>
    </ClInclude>
    <ClInclude Include="rapidjson\document.h">
      <Filter>头文件\rapidjson</Filter>
    </ClInclude>
    <ClInclude Include="rapidjson\encodedstream.h">
      <Filter>头文件\rapidjson</Filter>
    </ClInclude>
    <ClInclude Include="rapidjson\encodings.h">
      <Filter>头文件\rapidjson</Filter>
    </ClInclude>
    <ClInclude Include="rapidjson\filereadstream.h">
      <Filter>头文件\rapidjson</Filter>
    </ClInclude>
    <ClInclude Include="rapidjson\filewritestream.h">
      <Filter>头文件\rapidjson</Filter>
    </ClInclude>
    <ClInclude Include="rapidjson\fwd.h">
      <Filter>头文件\rapidjson</Filter>
    </ClInclude>
    <ClInclude Include="rapidjson\istreamwrapper.h">
      <Filter>头文件\rapidjson</Filter>
    </ClInclude>
    <ClInclude Include="rapidjson\memorybuffer.h">
      <Filter>头文件\rapidjson</Filter>
    </ClInclude>
    <ClInclude Include="rapidjson\memorystream.h">
      <Filter>头文件\rapidjson</Filter>
    </ClInclude>
    <ClInclude Include="rapidjson\ostreamwrapper.h">
      <Filter>头文件\rapidjson</Filter>
    </ClInclude>
    <ClInclude Include="rapidjson\pointer.h">
      <Filter>头文件\rapidjson</Filter>
    </ClInclude>
    <ClInclude Include="rapidjson\prettywriter.h">
      <Filter>头文件\rapidjson</Filter>
    </ClInclude>
    <ClInclude Include="rapidjson\rapidjson.h">
      <Filter>头文件\rapidjson</Filter>
    </ClInclude>
    <ClInclude Include="rapidjson\reader.h">
      <Filter>头文件\rapidjson</Filter>
    </ClInclude>
    <ClInclude Include="rapidjson\schema.h">
      <Filter>头文件\rapidjson</Filter>
    </ClInclude>
    <ClInclude Include="rapidjson\stream.h">
      <Filter>头文件\rapidjson</Filter>
    </ClInclude>
    <ClInclude Include="rapidjson\stringbuffer.h">
      <Filter>头文件\rapidjson</Filter>
    </ClInclude>
    <ClInclude Include="rapidjson\writer.h">
      <Filter>头文件\rapidjson</Filter>
    </ClInclude>
    <ClInclude Include="SymbolTableReader.h">
      <Filter>头文件</Filter>
    </ClInclude>
    <ClInclude Include="NamedObjectDictReader.h">
      <Filter>头文件</Filter>
    </ClInclude>
    <ClInclude Include="DynBlockReader.h">
      <Filter>头文件</Filter>
    </ClInclude>
    <ClInclude Include="DumbReader.h">
      <Filter>头文件</Filter>
    </ClInclude>
    <ClInclude Include="AssocObjectReader.h">
      <Filter>头文件</Filter>
    </ClInclude>
    <ClInclude Include="NestedBlockLevelReader.h">
      <Filter>头文件</Filter>
    </ClInclude>
  </ItemGroup>
</Project>